
Microsoft Visual Studio Solution File, Format Version 12.00
# Visual Studio Version 17
VisualStudioVersion = 17.13.35818.85
MinimumVisualStudioVersion = 10.0.40219.1
Project("{2150E333-8FDC-42A3-9474-1A3956D46DE8}") = "1.UserInterface", "1.UserInterface", "{02EA681E-C7D8-13C7-8484-4AC65E1B71E8}"
EndProject
Project("{2150E333-8FDC-42A3-9474-1A3956D46DE8}") = "2.Application", "2.Application", "{BC55441F-6B18-43C2-93ED-87CD2782E9BD}"
EndProject
Project("{2150E333-8FDC-42A3-9474-1A3956D46DE8}") = "3.Domain", "3.Domain", "{93C54B75-A77D-420C-B3C6-340CCA4B7400}"
EndProject
Project("{2150E333-8FDC-42A3-9474-1A3956D46DE8}") = "4.Infrastructure", "4.Infrastructure", "{05468A7C-E077-4281-8024-0545F6906A33}"
EndProject
Project("{FAE04EC0-301F-11D3-BF4B-00C04F79EFBC}") = "Ui.Desktop", "Ui.Desktop\Ui.Desktop.csproj", "{B7A4B98D-4A6F-4BFC-9B0A-6549474AFC91}"
EndProject
Project("{FAE04EC0-301F-11D3-BF4B-00C04F79EFBC}") = "Ui.Web", "Ui.Web\Ui.Web.csproj", "{C0C67FC6-775A-4A57-8B68-943CF84AE654}"
EndProject
Project("{FAE04EC0-301F-11D3-BF4B-00C04F79EFBC}") = "UI.Movil", "UI.Movil\UI.Movil.csproj", "{2D08843C-F45A-41B2-9C94-AC156D606B7A}"
EndProject
Project("{FAE04EC0-301F-11D3-BF4B-00C04F79EFBC}") = "Aplication", "Aplication\Aplication.csproj", "{934BC2B9-DAB4-4AA8-BB61-E9999822AFE2}"
EndProject
Project("{FAE04EC0-301F-11D3-BF4B-00C04F79EFBC}") = "Aplication.Dto", "Aplication.Dto\Aplication.Dto.csproj", "{A7FC56F8-F535-453F-8B62-68B2ECFB83D8}"
EndProject
Project("{FAE04EC0-301F-11D3-BF4B-00C04F79EFBC}") = "Domain.Services", "Domain.Services\Domain.Services.csproj", "{1C8899B0-9B0C-4282-96AC-C3C84615C03C}"
EndProject
Project("{FAE04EC0-301F-11D3-BF4B-00C04F79EFBC}") = "Domain.Model", "Domain.Model\Domain.Model.csproj", "{F2B73E6A-02E8-4B8C-A5F7-5A13104DCBA5}"
EndProject
Project("{FAE04EC0-301F-11D3-BF4B-00C04F79EFBC}") = "Infra.DataAccess", "Infra.DataAccess\Infra.DataAccess.csproj", "{C11355EB-391B-4BC4-A81C-336D85926F32}"
EndProject
Project("{FAE04EC0-301F-11D3-BF4B-00C04F79EFBC}") = "Infra.CrossCutting", "Infra.CrossCutting\Infra.CrossCutting.csproj", "{8F279D13-92AD-4CD0-9BCE-FC90D7212835}"
EndProject
Project("{FAE04EC0-301F-11D3-BF4B-00C04F79EFBC}") = "Infra.EmailService", "Infra.EmailService\Infra.EmailService.csproj", "{1DB46A80-7DB1-4CCC-B6B5-34502909E688}"
EndProject
Project("{FAE04EC0-301F-11D3-BF4B-00C04F79EFBC}") = "Infra.ExternalServices", "Infra.ExternalServices\Infra.ExternalServices.csproj", "{AFAD5F7C-D2EA-48EB-8C76-E3977C881B9B}"
EndProject
Global
	GlobalSection(SolutionConfigurationPlatforms) = preSolution
		Debug|Any CPU = Debug|Any CPU
		Release|Any CPU = Release|Any CPU
	EndGlobalSection
	GlobalSection(ProjectConfigurationPlatforms) = postSolution
		{B7A4B98D-4A6F-4BFC-9B0A-6549474AFC91}.Debug|Any CPU.ActiveCfg = Debug|Any CPU
		{B7A4B98D-4A6F-4BFC-9B0A-6549474AFC91}.Debug|Any CPU.Build.0 = Debug|Any CPU
		{B7A4B98D-4A6F-4BFC-9B0A-6549474AFC91}.Release|Any CPU.ActiveCfg = Release|Any CPU
		{B7A4B98D-4A6F-4BFC-9B0A-6549474AFC91}.Release|Any CPU.Build.0 = Release|Any CPU
		{C0C67FC6-775A-4A57-8B68-943CF84AE654}.Debug|Any CPU.ActiveCfg = Debug|Any CPU
		{C0C67FC6-775A-4A57-8B68-943CF84AE654}.Debug|Any CPU.Build.0 = Debug|Any CPU
		{C0C67FC6-775A-4A57-8B68-943CF84AE654}.Release|Any CPU.ActiveCfg = Release|Any CPU
		{C0C67FC6-775A-4A57-8B68-943CF84AE654}.Release|Any CPU.Build.0 = Release|Any CPU
		{2D08843C-F45A-41B2-9C94-AC156D606B7A}.Debug|Any CPU.ActiveCfg = Debug|Any CPU
		{2D08843C-F45A-41B2-9C94-AC156D606B7A}.Debug|Any CPU.Build.0 = Debug|Any CPU
		{2D08843C-F45A-41B2-9C94-AC156D606B7A}.Debug|Any CPU.Deploy.0 = Debug|Any CPU
		{2D08843C-F45A-41B2-9C94-AC156D606B7A}.Release|Any CPU.ActiveCfg = Release|Any CPU
		{2D08843C-F45A-41B2-9C94-AC156D606B7A}.Release|Any CPU.Build.0 = Release|Any CPU
		{2D08843C-F45A-41B2-9C94-AC156D606B7A}.Release|Any CPU.Deploy.0 = Release|Any CPU
		{934BC2B9-DAB4-4AA8-BB61-E9999822AFE2}.Debug|Any CPU.ActiveCfg = Debug|Any CPU
		{934BC2B9-DAB4-4AA8-BB61-E9999822AFE2}.Debug|Any CPU.Build.0 = Debug|Any CPU
		{934BC2B9-DAB4-4AA8-BB61-E9999822AFE2}.Release|Any CPU.ActiveCfg = Release|Any CPU
		{934BC2B9-DAB4-4AA8-BB61-E9999822AFE2}.Release|Any CPU.Build.0 = Release|Any CPU
		{A7FC56F8-F535-453F-8B62-68B2ECFB83D8}.Debug|Any CPU.ActiveCfg = Debug|Any CPU
		{A7FC56F8-F535-453F-8B62-68B2ECFB83D8}.Debug|Any CPU.Build.0 = Debug|Any CPU
		{A7FC56F8-F535-453F-8B62-68B2ECFB83D8}.Release|Any CPU.ActiveCfg = Release|Any CPU
		{A7FC56F8-F535-453F-8B62-68B2ECFB83D8}.Release|Any CPU.Build.0 = Release|Any CPU
		{1C8899B0-9B0C-4282-96AC-C3C84615C03C}.Debug|Any CPU.ActiveCfg = Debug|Any CPU
		{1C8899B0-9B0C-4282-96AC-C3C84615C03C}.Debug|Any CPU.Build.0 = Debug|Any CPU
		{1C8899B0-9B0C-4282-96AC-C3C84615C03C}.Release|Any CPU.ActiveCfg = Release|Any CPU
		{1C8899B0-9B0C-4282-96AC-C3C84615C03C}.Release|Any CPU.Build.0 = Release|Any CPU
		{F2B73E6A-02E8-4B8C-A5F7-5A13104DCBA5}.Debug|Any CPU.ActiveCfg = Debug|Any CPU
		{F2B73E6A-02E8-4B8C-A5F7-5A13104DCBA5}.Debug|Any CPU.Build.0 = Debug|Any CPU
		{F2B73E6A-02E8-4B8C-A5F7-5A13104DCBA5}.Release|Any CPU.ActiveCfg = Release|Any CPU
		{F2B73E6A-02E8-4B8C-A5F7-5A13104DCBA5}.Release|Any CPU.Build.0 = Release|Any CPU
		{C11355EB-391B-4BC4-A81C-336D85926F32}.Debug|Any CPU.ActiveCfg = Debug|Any CPU
		{C11355EB-391B-4BC4-A81C-336D85926F32}.Debug|Any CPU.Build.0 = Debug|Any CPU
		{C11355EB-391B-4BC4-A81C-336D85926F32}.Release|Any CPU.ActiveCfg = Release|Any CPU
		{C11355EB-391B-4BC4-A81C-336D85926F32}.Release|Any CPU.Build.0 = Release|Any CPU
		{8F279D13-92AD-4CD0-9BCE-FC90D7212835}.Debug|Any CPU.ActiveCfg = Debug|Any CPU
		{8F279D13-92AD-4CD0-9BCE-FC90D7212835}.Debug|Any CPU.Build.0 = Debug|Any CPU
		{8F279D13-92AD-4CD0-9BCE-FC90D7212835}.Release|Any CPU.ActiveCfg = Release|Any CPU
		{8F279D13-92AD-4CD0-9BCE-FC90D7212835}.Release|Any CPU.Build.0 = Release|Any CPU
		{1DB46A80-7DB1-4CCC-B6B5-34502909E688}.Debug|Any CPU.ActiveCfg = Debug|Any CPU
		{1DB46A80-7DB1-4CCC-B6B5-34502909E688}.Debug|Any CPU.Build.0 = Debug|Any CPU
		{1DB46A80-7DB1-4CCC-B6B5-34502909E688}.Release|Any CPU.ActiveCfg = Release|Any CPU
		{1DB46A80-7DB1-4CCC-B6B5-34502909E688}.Release|Any CPU.Build.0 = Release|Any CPU
		{AFAD5F7C-D2EA-48EB-8C76-E3977C881B9B}.Debug|Any CPU.ActiveCfg = Debug|Any CPU
		{AFAD5F7C-D2EA-48EB-8C76-E3977C881B9B}.Debug|Any CPU.Build.0 = Debug|Any CPU
		{AFAD5F7C-D2EA-48EB-8C76-E3977C881B9B}.Release|Any CPU.ActiveCfg = Release|Any CPU
		{AFAD5F7C-D2EA-48EB-8C76-E3977C881B9B}.Release|Any CPU.Build.0 = Release|Any CPU
	EndGlobalSection
	GlobalSection(SolutionProperties) = preSolution
		HideSolutionNode = FALSE
	EndGlobalSection
	GlobalSection(NestedProjects) = preSolution
		{B7A4B98D-4A6F-4BFC-9B0A-6549474AFC91} = {02EA681E-C7D8-13C7-8484-4AC65E1B71E8}
		{C0C67FC6-775A-4A57-8B68-943CF84AE654} = {02EA681E-C7D8-13C7-8484-4AC65E1B71E8}
		{2D08843C-F45A-41B2-9C94-AC156D606B7A} = {02EA681E-C7D8-13C7-8484-4AC65E1B71E8}
		{934BC2B9-DAB4-4AA8-BB61-E9999822AFE2} = {BC55441F-6B18-43C2-93ED-87CD2782E9BD}
		{A7FC56F8-F535-453F-8B62-68B2ECFB83D8} = {BC55441F-6B18-43C2-93ED-87CD2782E9BD}
		{1C8899B0-9B0C-4282-96AC-C3C84615C03C} = {93C54B75-A77D-420C-B3C6-340CCA4B7400}
		{F2B73E6A-02E8-4B8C-A5F7-5A13104DCBA5} = {93C54B75-A77D-420C-B3C6-340CCA4B7400}
		{C11355EB-391B-4BC4-A81C-336D85926F32} = {05468A7C-E077-4281-8024-0545F6906A33}
		{8F279D13-92AD-4CD0-9BCE-FC90D7212835} = {05468A7C-E077-4281-8024-0545F6906A33}
		{1DB46A80-7DB1-4CCC-B6B5-34502909E688} = {05468A7C-E077-4281-8024-0545F6906A33}
		{AFAD5F7C-D2EA-48EB-8C76-E3977C881B9B} = {05468A7C-E077-4281-8024-0545F6906A33}
	EndGlobalSection
	GlobalSection(ExtensibilityGlobals) = postSolution
		SolutionGuid = {263A8869-1C3A-469A-95E2-46E8E569D24E}
	EndGlobalSection
EndGlobal
